
Microsoft Visual Studio Solution File, Format Version 12.00
# Visual Studio Version 17
VisualStudioVersion = 17.1.32328.378
MinimumVisualStudioVersion = 10.0.40219.1
Project("{2150E333-8FDC-42A3-9474-1A3956D46DE8}") = ".items", ".items", "{C168C60F-A777-4C7A-8BD9-713F80F72920}"
	ProjectSection(SolutionItems) = preProject
		.gitignore = .gitignore
		LICENSE = LICENSE
		README.md = README.md
	EndProjectSection
EndProject
Project("{2150E333-8FDC-42A3-9474-1A3956D46DE8}") = "src", "src", "{6CD4BED2-29E1-4C21-815E-49B0434EAA2C}"
EndProject
Project("{2150E333-8FDC-42A3-9474-1A3956D46DE8}") = "tests", "tests", "{4418C80E-87B4-4FE2-B045-C5D82DC9A429}"
EndProject
Project("{9A19103F-16F7-4668-BE54-9A1E7A4F7556}") = "ObjectDelta", "src\ObjectDelta\ObjectDelta.csproj", "{8945F0AE-10B8-4B25-AAA4-A49317AE9930}"
EndProject
Project("{9A19103F-16F7-4668-BE54-9A1E7A4F7556}") = "ObjectDelta.UnitTests", "tests\ObjectDelta.UnitTests\ObjectDelta.UnitTests.csproj", "{233CCC9E-0260-4B7B-9926-D1918D30C6EC}"
EndProject
Project("{9A19103F-16F7-4668-BE54-9A1E7A4F7556}") = "ObjectStructure", "src\ObjectStructure\ObjectStructure.csproj", "{6F90DB51-058D-451E-980A-EA975FB3F69F}"
EndProject
Project("{9A19103F-16F7-4668-BE54-9A1E7A4F7556}") = "ObjectStructure.UnitTests", "tests\ObjectStructure.UnitTests\ObjectStructure.UnitTests.csproj", "{4DDAD78C-6E22-4170-ABD7-C76D7D107862}"
EndProject
Project("{2150E333-8FDC-42A3-9474-1A3956D46DE8}") = "sample", "sample", "{6ABDC2AD-3C55-4742-B046-6F1D71485C4D}"
EndProject
Project("{FAE04EC0-301F-11D3-BF4B-00C04F79EFBC}") = "ConsoleApp1", "sample\ConsoleApp1\ConsoleApp1.csproj", "{316AEB2E-40E3-4DA7-B936-750D3C870F04}"
EndProject
Global
	GlobalSection(SolutionConfigurationPlatforms) = preSolution
		Debug|Any CPU = Debug|Any CPU
		Release|Any CPU = Release|Any CPU
	EndGlobalSection
	GlobalSection(ProjectConfigurationPlatforms) = postSolution
		{8945F0AE-10B8-4B25-AAA4-A49317AE9930}.Debug|Any CPU.ActiveCfg = Debug|Any CPU
		{8945F0AE-10B8-4B25-AAA4-A49317AE9930}.Debug|Any CPU.Build.0 = Debug|Any CPU
		{8945F0AE-10B8-4B25-AAA4-A49317AE9930}.Release|Any CPU.ActiveCfg = Release|Any CPU
		{8945F0AE-10B8-4B25-AAA4-A49317AE9930}.Release|Any CPU.Build.0 = Release|Any CPU
		{233CCC9E-0260-4B7B-9926-D1918D30C6EC}.Debug|Any CPU.ActiveCfg = Debug|Any CPU
		{233CCC9E-0260-4B7B-9926-D1918D30C6EC}.Debug|Any CPU.Build.0 = Debug|Any CPU
		{233CCC9E-0260-4B7B-9926-D1918D30C6EC}.Release|Any CPU.ActiveCfg = Release|Any CPU
		{233CCC9E-0260-4B7B-9926-D1918D30C6EC}.Release|Any CPU.Build.0 = Release|Any CPU
		{6F90DB51-058D-451E-980A-EA975FB3F69F}.Debug|Any CPU.ActiveCfg = Debug|Any CPU
		{6F90DB51-058D-451E-980A-EA975FB3F69F}.Debug|Any CPU.Build.0 = Debug|Any CPU
		{6F90DB51-058D-451E-980A-EA975FB3F69F}.Release|Any CPU.ActiveCfg = Release|Any CPU
		{6F90DB51-058D-451E-980A-EA975FB3F69F}.Release|Any CPU.Build.0 = Release|Any CPU
		{4DDAD78C-6E22-4170-ABD7-C76D7D107862}.Debug|Any CPU.ActiveCfg = Debug|Any CPU
		{4DDAD78C-6E22-4170-ABD7-C76D7D107862}.Debug|Any CPU.Build.0 = Debug|Any CPU
		{4DDAD78C-6E22-4170-ABD7-C76D7D107862}.Release|Any CPU.ActiveCfg = Release|Any CPU
		{4DDAD78C-6E22-4170-ABD7-C76D7D107862}.Release|Any CPU.Build.0 = Release|Any CPU
		{316AEB2E-40E3-4DA7-B936-750D3C870F04}.Debug|Any CPU.ActiveCfg = Debug|Any CPU
		{316AEB2E-40E3-4DA7-B936-750D3C870F04}.Debug|Any CPU.Build.0 = Debug|Any CPU
		{316AEB2E-40E3-4DA7-B936-750D3C870F04}.Release|Any CPU.ActiveCfg = Release|Any CPU
		{316AEB2E-40E3-4DA7-B936-750D3C870F04}.Release|Any CPU.Build.0 = Release|Any CPU
	EndGlobalSection
	GlobalSection(SolutionProperties) = preSolution
		HideSolutionNode = FALSE
	EndGlobalSection
	GlobalSection(NestedProjects) = preSolution
		{8945F0AE-10B8-4B25-AAA4-A49317AE9930} = {6CD4BED2-29E1-4C21-815E-49B0434EAA2C}
		{233CCC9E-0260-4B7B-9926-D1918D30C6EC} = {4418C80E-87B4-4FE2-B045-C5D82DC9A429}
		{6F90DB51-058D-451E-980A-EA975FB3F69F} = {6CD4BED2-29E1-4C21-815E-49B0434EAA2C}
		{4DDAD78C-6E22-4170-ABD7-C76D7D107862} = {4418C80E-87B4-4FE2-B045-C5D82DC9A429}
		{316AEB2E-40E3-4DA7-B936-750D3C870F04} = {6ABDC2AD-3C55-4742-B046-6F1D71485C4D}
	EndGlobalSection
	GlobalSection(ExtensibilityGlobals) = postSolution
		SolutionGuid = {C1497FEC-9673-40E2-AF1D-31D9F9010722}
	EndGlobalSection
EndGlobal
